
Microsoft Visual Studio Solution File, Format Version 12.00
# Visual Studio Version 16
VisualStudioVersion = 16.0.29409.12
MinimumVisualStudioVersion = 10.0.40219.1
Project("{FAE04EC0-301F-11D3-BF4B-00C04F79EFBC}") = "GameLess", "GameLess.csproj", "{838F23DA-F972-4ECC-9DB1-A6B779F1D3D2}"
EndProject
Global
	GlobalSection(SolutionConfigurationPlatforms) = preSolution
		Debug|Any CPU = Debug|Any CPU
		Release|Any CPU = Release|Any CPU
	EndGlobalSection
	GlobalSection(ProjectConfigurationPlatforms) = postSolution
		{838F23DA-F972-4ECC-9DB1-A6B779F1D3D2}.Debug|Any CPU.ActiveCfg = Release|Any CPU
		{838F23DA-F972-4ECC-9DB1-A6B779F1D3D2}.Debug|Any CPU.Build.0 = Release|Any CPU
		{838F23DA-F972-4ECC-9DB1-A6B779F1D3D2}.Release|Any CPU.ActiveCfg = Release|Any CPU
		{838F23DA-F972-4ECC-9DB1-A6B779F1D3D2}.Release|Any CPU.Build.0 = Release|Any CPU
	EndGlobalSection
	GlobalSection(SolutionProperties) = preSolution
		HideSolutionNode = FALSE
	EndGlobalSection
	GlobalSection(ExtensibilityGlobals) = postSolution
		SolutionGuid = {34DAAE3D-3B28-4B81-82BB-D6C859A0C523}
	EndGlobalSection
EndGlobal
